{
  "version": 4,
  "terraform_version": "1.9.4",
  "serial": 150,
  "lineage": "417aa5f9-3709-01f2-2010-9f9a264bd0c0",
  "outputs": {
    "instance_id": {
      "value": "i-0072dc723bbaca57b",
      "type": "string"
    },
    "instance_public_ip": {
      "value": "18.181.167.229",
      "type": "string"
    }
  },
  "resources": [
    {
      "mode": "data",
      "type": "aws_caller_identity",
      "name": "current",
      "provider": "provider[\"registry.terraform.io/hashicorp/aws\"]",
      "instances": [
        {
          "schema_version": 0,
          "attributes": {
            "account_id": "498218886114",
            "arn": "arn:aws:iam::498218886114:user/streamlit-terraform-deployer",
            "id": "498218886114",
            "user_id": "AIDAXIABI4PRGWYLORILZ"
          },
          "sensitive_attributes": []
        }
      ]
    },
    {
      "mode": "managed",
      "type": "aws_cloudwatch_event_rule",
      "name": "start_instance",
      "provider": "provider[\"registry.terraform.io/hashicorp/aws\"]",
      "instances": [
        {
          "schema_version": 1,
          "attributes": {
            "arn": "arn:aws:events:ap-northeast-1:498218886114:rule/streamlit-app-start-instance",
            "description": "Start EC2 instance at 8:00 AM",
            "event_bus_name": "default",
            "event_pattern": null,
            "force_destroy": false,
            "id": "streamlit-app-start-instance",
            "is_enabled": true,
            "name": "streamlit-app-start-instance",
            "name_prefix": "",
            "role_arn": "",
            "schedule_expression": "cron(0 8 ? * MON-FRI *)",
            "state": "ENABLED",
            "tags": null,
            "tags_all": {}
          },
          "sensitive_attributes": [],
          "private": "eyJzY2hlbWFfdmVyc2lvbiI6IjEifQ=="
        }
      ]
    },
    {
      "mode": "managed",
      "type": "aws_cloudwatch_event_rule",
      "name": "stop_instance",
      "provider": "provider[\"registry.terraform.io/hashicorp/aws\"]",
      "instances": [
        {
          "schema_version": 1,
          "attributes": {
            "arn": "arn:aws:events:ap-northeast-1:498218886114:rule/streamlit-app-stop-instance",
            "description": "Stop EC2 instance at 12:00 PM",
            "event_bus_name": "default",
            "event_pattern": null,
            "force_destroy": false,
            "id": "streamlit-app-stop-instance",
            "is_enabled": true,
            "name": "streamlit-app-stop-instance",
            "name_prefix": "",
            "role_arn": "",
            "schedule_expression": "cron(0 12 ? * MON-FRI *)",
            "state": "ENABLED",
            "tags": null,
            "tags_all": {}
          },
          "sensitive_attributes": [],
          "private": "eyJzY2hlbWFfdmVyc2lvbiI6IjEifQ=="
        }
      ]
    },
    {
      "mode": "managed",
      "type": "aws_cloudwatch_event_target",
      "name": "start_instance",
      "provider": "provider[\"registry.terraform.io/hashicorp/aws\"]",
      "instances": [
        {
          "schema_version": 1,
          "attributes": {
            "arn": "arn:aws:ssm:ap-northeast-1:498218886114:automation-definition/AWS-StartEC2Instance",
            "batch_target": [],
            "dead_letter_config": [],
            "ecs_target": [],
            "event_bus_name": "default",
            "force_destroy": false,
            "http_target": [],
            "id": "streamlit-app-start-instance-StartInstance",
            "input": "{\"InstanceId\":[\"i-0072dc723bbaca57b\"]}",
            "input_path": "",
            "input_transformer": [],
            "kinesis_target": [],
            "redshift_target": [],
            "retry_policy": [],
            "role_arn": "arn:aws:iam::498218886114:role/streamlit-app-cloudwatch-events-role",
            "rule": "streamlit-app-start-instance",
            "run_command_targets": [],
            "sagemaker_pipeline_target": [],
            "sqs_target": [],
            "target_id": "StartInstance"
          },
          "sensitive_attributes": [],
          "private": "eyJzY2hlbWFfdmVyc2lvbiI6IjEifQ==",
          "dependencies": [
            "aws_cloudwatch_event_rule.start_instance",
            "aws_iam_instance_profile.ec2_profile",
            "aws_iam_role.cloudwatch_events",
            "aws_iam_role.ec2_role",
            "aws_instance.streamlit",
            "aws_security_group.streamlit",
            "aws_subnet.public",
            "aws_vpc.main",
            "data.aws_caller_identity.current"
          ]
        }
      ]
    },
    {
      "mode": "managed",
      "type": "aws_cloudwatch_event_target",
      "name": "stop_instance",
      "provider": "provider[\"registry.terraform.io/hashicorp/aws\"]",
      "instances": [
        {
          "schema_version": 1,
          "attributes": {
            "arn": "arn:aws:ssm:ap-northeast-1:498218886114:automation-definition/AWS-StopEC2Instance",
            "batch_target": [],
            "dead_letter_config": [],
            "ecs_target": [],
            "event_bus_name": "default",
            "force_destroy": false,
            "http_target": [],
            "id": "streamlit-app-stop-instance-StopInstance",
            "input": "{\"InstanceId\":[\"i-0072dc723bbaca57b\"]}",
            "input_path": "",
            "input_transformer": [],
            "kinesis_target": [],
            "redshift_target": [],
            "retry_policy": [],
            "role_arn": "arn:aws:iam::498218886114:role/streamlit-app-cloudwatch-events-role",
            "rule": "streamlit-app-stop-instance",
            "run_command_targets": [],
            "sagemaker_pipeline_target": [],
            "sqs_target": [],
            "target_id": "StopInstance"
          },
          "sensitive_attributes": [],
          "private": "eyJzY2hlbWFfdmVyc2lvbiI6IjEifQ==",
          "dependencies": [
            "aws_cloudwatch_event_rule.stop_instance",
            "aws_iam_instance_profile.ec2_profile",
            "aws_iam_role.cloudwatch_events",
            "aws_iam_role.ec2_role",
            "aws_instance.streamlit",
            "aws_security_group.streamlit",
            "aws_subnet.public",
            "aws_vpc.main",
            "data.aws_caller_identity.current"
          ]
        }
      ]
    },
    {
      "mode": "managed",
      "type": "aws_iam_instance_profile",
      "name": "ec2_profile",
      "provider": "provider[\"registry.terraform.io/hashicorp/aws\"]",
      "instances": [
        {
          "schema_version": 0,
          "attributes": {
            "arn": "arn:aws:iam::498218886114:instance-profile/streamlit-app-ec2-profile",
            "create_date": "2024-08-09T20:58:52Z",
            "id": "streamlit-app-ec2-profile",
            "name": "streamlit-app-ec2-profile",
            "name_prefix": "",
            "path": "/",
            "role": "streamlit-app-ec2-role",
            "tags": null,
            "tags_all": {},
            "unique_id": "AIPAXIABI4PRP2YYJB43I"
          },
          "sensitive_attributes": [],
          "private": "bnVsbA==",
          "dependencies": [
            "aws_iam_role.ec2_role"
          ]
        }
      ]
    },
    {
      "mode": "managed",
      "type": "aws_iam_role",
      "name": "cloudwatch_events",
      "provider": "provider[\"registry.terraform.io/hashicorp/aws\"]",
      "instances": [
        {
          "schema_version": 0,
          "attributes": {
            "arn": "arn:aws:iam::498218886114:role/streamlit-app-cloudwatch-events-role",
            "assume_role_policy": "{\"Statement\":[{\"Action\":\"sts:AssumeRole\",\"Effect\":\"Allow\",\"Principal\":{\"Service\":\"events.amazonaws.com\"}}],\"Version\":\"2012-10-17\"}",
            "create_date": "2024-08-09T20:58:51Z",
            "description": "",
            "force_detach_policies": false,
            "id": "streamlit-app-cloudwatch-events-role",
            "inline_policy": [],
            "managed_policy_arns": [],
            "max_session_duration": 3600,
            "name": "streamlit-app-cloudwatch-events-role",
            "name_prefix": "",
            "path": "/",
            "permissions_boundary": "",
            "tags": null,
            "tags_all": {},
            "unique_id": "AROAXIABI4PRCGLKLUHDL"
          },
          "sensitive_attributes": [],
          "private": "bnVsbA=="
        }
      ]
    },
    {
      "mode": "managed",
      "type": "aws_iam_role",
      "name": "ec2_role",
      "provider": "provider[\"registry.terraform.io/hashicorp/aws\"]",
      "instances": [
        {
          "schema_version": 0,
          "attributes": {
            "arn": "arn:aws:iam::498218886114:role/streamlit-app-ec2-role",
            "assume_role_policy": "{\"Statement\":[{\"Action\":\"sts:AssumeRole\",\"Effect\":\"Allow\",\"Principal\":{\"Service\":\"ec2.amazonaws.com\"}}],\"Version\":\"2012-10-17\"}",
            "create_date": "2024-08-09T20:58:51Z",
            "description": "",
            "force_detach_policies": false,
            "id": "streamlit-app-ec2-role",
            "inline_policy": [],
            "managed_policy_arns": [],
            "max_session_duration": 3600,
            "name": "streamlit-app-ec2-role",
            "name_prefix": "",
            "path": "/",
            "permissions_boundary": "",
            "tags": null,
            "tags_all": {},
            "unique_id": "AROAXIABI4PRK7ERAABQV"
          },
          "sensitive_attributes": [],
          "private": "bnVsbA=="
        }
      ]
    },
    {
      "mode": "managed",
      "type": "aws_iam_role_policy",
      "name": "cloudwatch_events",
      "provider": "provider[\"registry.terraform.io/hashicorp/aws\"]",
      "instances": [
        {
          "schema_version": 0,
          "attributes": {
            "id": "streamlit-app-cloudwatch-events-role:streamlit-app-cloudwatch-events-policy",
            "name": "streamlit-app-cloudwatch-events-policy",
            "name_prefix": "",
            "policy": "{\"Version\":\"2012-10-17\",\"Statement\":[{\"Action\":[\"ssm:StartAutomationExecution\",\"ec2:StartInstances\",\"ec2:StopInstances\"],\"Effect\":\"Allow\",\"Resource\":\"*\"}]}",
            "role": "streamlit-app-cloudwatch-events-role"
          },
          "sensitive_attributes": [],
          "private": "bnVsbA==",
          "dependencies": [
            "aws_iam_role.cloudwatch_events"
          ]
        }
      ]
    },
    {
      "mode": "managed",
      "type": "aws_iam_role_policy",
      "name": "ssm_policy",
      "provider": "provider[\"registry.terraform.io/hashicorp/aws\"]",
      "instances": [
        {
          "schema_version": 0,
          "attributes": {
            "id": "streamlit-app-ec2-role:streamlit-app-ssm-policy",
            "name": "streamlit-app-ssm-policy",
            "name_prefix": "",
            "policy": "{\"Version\":\"2012-10-17\",\"Statement\":[{\"Action\":[\"ssm:DescribeAssociation\",\"ssm:GetDeployablePatchSnapshotForInstance\",\"ssm:GetDocument\",\"ssm:DescribeDocument\",\"ssm:GetManifest\",\"ssm:GetParameter\",\"ssm:GetParameters\",\"ssm:ListAssociations\",\"ssm:ListInstanceAssociations\",\"ssm:PutInventory\",\"ssm:PutComplianceItems\",\"ssm:PutConfigurePackageResult\",\"ssm:UpdateAssociationStatus\",\"ssm:UpdateInstanceAssociationStatus\",\"ssm:UpdateInstanceInformation\"],\"Effect\":\"Allow\",\"Resource\":\"*\"},{\"Action\":[\"ssmmessages:CreateControlChannel\",\"ssmmessages:CreateDataChannel\",\"ssmmessages:OpenControlChannel\",\"ssmmessages:OpenDataChannel\"],\"Effect\":\"Allow\",\"Resource\":\"*\"},{\"Action\":[\"ec2messages:AcknowledgeMessage\",\"ec2messages:DeleteMessage\",\"ec2messages:FailMessage\",\"ec2messages:GetEndpoint\",\"ec2messages:GetMessages\",\"ec2messages:SendReply\"],\"Effect\":\"Allow\",\"Resource\":\"*\"}]}",
            "role": "streamlit-app-ec2-role"
          },
          "sensitive_attributes": [],
          "private": "bnVsbA==",
          "dependencies": [
            "aws_iam_role.ec2_role"
          ]
        }
      ]
    },
    {
      "mode": "managed",
      "type": "aws_instance",
      "name": "streamlit",
      "provider": "provider[\"registry.terraform.io/hashicorp/aws\"]",
      "instances": [
        {
          "schema_version": 1,
          "attributes": {
            "ami": "ami-0d52744d6551d851e",
            "arn": "arn:aws:ec2:ap-northeast-1:498218886114:instance/i-0072dc723bbaca57b",
            "associate_public_ip_address": true,
            "availability_zone": "ap-northeast-1a",
            "capacity_reservation_specification": [
              {
                "capacity_reservation_preference": "open",
                "capacity_reservation_target": []
              }
            ],
            "cpu_core_count": 1,
            "cpu_options": [
              {
                "amd_sev_snp": "",
                "core_count": 1,
                "threads_per_core": 1
              }
            ],
            "cpu_threads_per_core": 1,
            "credit_specification": [
              {
                "cpu_credits": "standard"
              }
            ],
            "disable_api_stop": false,
            "disable_api_termination": false,
            "ebs_block_device": [],
            "ebs_optimized": false,
            "enclave_options": [
              {
                "enabled": false
              }
            ],
            "ephemeral_block_device": [],
            "get_password_data": false,
            "hibernation": false,
            "host_id": "",
            "host_resource_group_arn": null,
            "iam_instance_profile": "streamlit-app-ec2-profile",
            "id": "i-0072dc723bbaca57b",
            "instance_initiated_shutdown_behavior": "stop",
            "instance_lifecycle": "",
            "instance_market_options": [],
            "instance_state": "running",
            "instance_type": "t2.micro",
            "ipv6_address_count": 0,
            "ipv6_addresses": [],
            "key_name": "streamlit-terraform-keypair-tokyo-PEM",
            "launch_template": [],
            "maintenance_options": [
              {
                "auto_recovery": "default"
              }
            ],
            "metadata_options": [
              {
                "http_endpoint": "enabled",
                "http_protocol_ipv6": "disabled",
                "http_put_response_hop_limit": 1,
                "http_tokens": "optional",
                "instance_metadata_tags": "disabled"
              }
            ],
            "monitoring": false,
            "network_interface": [],
            "outpost_arn": "",
            "password_data": "",
            "placement_group": "",
            "placement_partition_number": 0,
            "primary_network_interface_id": "eni-0c9f785e1c71fc0ac",
            "private_dns": "ip-10-0-1-98.ap-northeast-1.compute.internal",
            "private_dns_name_options": [
              {
                "enable_resource_name_dns_a_record": false,
                "enable_resource_name_dns_aaaa_record": false,
                "hostname_type": "ip-name"
              }
            ],
            "private_ip": "10.0.1.98",
            "public_dns": "ec2-18-181-167-229.ap-northeast-1.compute.amazonaws.com",
            "public_ip": "18.181.167.229",
            "root_block_device": [
              {
                "delete_on_termination": true,
                "device_name": "/dev/sda1",
                "encrypted": false,
                "iops": 100,
                "kms_key_id": "",
                "tags": {},
                "tags_all": {},
                "throughput": 0,
                "volume_id": "vol-0e5e6dfb3e9f5916d",
                "volume_size": 8,
                "volume_type": "gp2"
              }
            ],
            "secondary_private_ips": [],
            "security_groups": [],
            "source_dest_check": true,
            "spot_instance_request_id": "",
            "subnet_id": "subnet-092f7299bbadd0627",
            "tags": {
              "Name": "streamlit-app-instance"
            },
            "tags_all": {
              "Name": "streamlit-app-instance"
            },
            "tenancy": "default",
            "timeouts": null,
            "user_data": "3e33a91aa0b9f11f7cfc8137e544d64900606b32",
            "user_data_base64": null,
            "user_data_replace_on_change": false,
            "volume_tags": null,
            "vpc_security_group_ids": [
              "sg-0ffd1b36e3d160ae1"
            ]
          },
          "sensitive_attributes": [],
          "private": "eyJlMmJmYjczMC1lY2FhLTExZTYtOGY4OC0zNDM2M2JjN2M0YzAiOnsiY3JlYXRlIjo2MDAwMDAwMDAwMDAsImRlbGV0ZSI6MTIwMDAwMDAwMDAwMCwicmVhZCI6OTAwMDAwMDAwMDAwLCJ1cGRhdGUiOjYwMDAwMDAwMDAwMH0sInNjaGVtYV92ZXJzaW9uIjoiMSJ9",
          "dependencies": [
            "aws_iam_instance_profile.ec2_profile",
            "aws_iam_role.ec2_role",
            "aws_security_group.streamlit",
            "aws_subnet.public",
            "aws_vpc.main"
          ]
        }
      ]
    },
    {
      "mode": "managed",
      "type": "aws_internet_gateway",
      "name": "main",
      "provider": "provider[\"registry.terraform.io/hashicorp/aws\"]",
      "instances": [
        {
          "schema_version": 0,
          "attributes": {
            "arn": "arn:aws:ec2:ap-northeast-1:498218886114:internet-gateway/igw-0ef5ce4250c84c06b",
            "id": "igw-0ef5ce4250c84c06b",
            "owner_id": "498218886114",
            "tags": {
              "Name": "streamlit-app-igw"
            },
            "tags_all": {
              "Name": "streamlit-app-igw"
            },
            "timeouts": null,
            "vpc_id": "vpc-0f5fa19e66bc1051e"
          },
          "sensitive_attributes": [],
          "private": "eyJlMmJmYjczMC1lY2FhLTExZTYtOGY4OC0zNDM2M2JjN2M0YzAiOnsiY3JlYXRlIjoxMjAwMDAwMDAwMDAwLCJkZWxldGUiOjEyMDAwMDAwMDAwMDAsInVwZGF0ZSI6MTIwMDAwMDAwMDAwMH19",
          "dependencies": [
            "aws_vpc.main"
          ]
        }
      ]
    },
    {
      "mode": "managed",
      "type": "aws_route_table",
      "name": "public",
      "provider": "provider[\"registry.terraform.io/hashicorp/aws\"]",
      "instances": [
        {
          "schema_version": 0,
          "attributes": {
            "arn": "arn:aws:ec2:ap-northeast-1:498218886114:route-table/rtb-05561552a7d80bfb3",
            "id": "rtb-05561552a7d80bfb3",
            "owner_id": "498218886114",
            "propagating_vgws": [],
            "route": [
              {
                "carrier_gateway_id": "",
                "cidr_block": "0.0.0.0/0",
                "core_network_arn": "",
                "destination_prefix_list_id": "",
                "egress_only_gateway_id": "",
                "gateway_id": "igw-0ef5ce4250c84c06b",
                "ipv6_cidr_block": "",
                "local_gateway_id": "",
                "nat_gateway_id": "",
                "network_interface_id": "",
                "transit_gateway_id": "",
                "vpc_endpoint_id": "",
                "vpc_peering_connection_id": ""
              }
            ],
            "tags": {
              "Name": "streamlit-app-public-rt"
            },
            "tags_all": {
              "Name": "streamlit-app-public-rt"
            },
            "timeouts": null,
            "vpc_id": "vpc-0f5fa19e66bc1051e"
          },
          "sensitive_attributes": [],
          "private": "eyJlMmJmYjczMC1lY2FhLTExZTYtOGY4OC0zNDM2M2JjN2M0YzAiOnsiY3JlYXRlIjozMDAwMDAwMDAwMDAsImRlbGV0ZSI6MzAwMDAwMDAwMDAwLCJ1cGRhdGUiOjEyMDAwMDAwMDAwMH19",
          "dependencies": [
            "aws_internet_gateway.main",
            "aws_vpc.main"
          ]
        }
      ]
    },
    {
      "mode": "managed",
      "type": "aws_route_table_association",
      "name": "public",
      "provider": "provider[\"registry.terraform.io/hashicorp/aws\"]",
      "instances": [
        {
          "schema_version": 0,
          "attributes": {
            "gateway_id": "",
            "id": "rtbassoc-0ad5b1fc05f4cb550",
            "route_table_id": "rtb-05561552a7d80bfb3",
            "subnet_id": "subnet-092f7299bbadd0627",
            "timeouts": null
          },
          "sensitive_attributes": [],
          "private": "eyJlMmJmYjczMC1lY2FhLTExZTYtOGY4OC0zNDM2M2JjN2M0YzAiOnsiY3JlYXRlIjozMDAwMDAwMDAwMDAsImRlbGV0ZSI6MzAwMDAwMDAwMDAwLCJ1cGRhdGUiOjEyMDAwMDAwMDAwMH19",
          "dependencies": [
            "aws_internet_gateway.main",
            "aws_route_table.public",
            "aws_subnet.public",
            "aws_vpc.main"
          ]
        }
      ]
    },
    {
      "mode": "managed",
      "type": "aws_security_group",
      "name": "streamlit",
      "provider": "provider[\"registry.terraform.io/hashicorp/aws\"]",
      "instances": [
        {
          "schema_version": 1,
          "attributes": {
            "arn": "arn:aws:ec2:ap-northeast-1:498218886114:security-group/sg-0ffd1b36e3d160ae1",
            "description": "Security group for Streamlit app",
            "egress": [
              {
                "cidr_blocks": [
                  "0.0.0.0/0"
                ],
                "description": "",
                "from_port": 0,
                "ipv6_cidr_blocks": [],
                "prefix_list_ids": [],
                "protocol": "-1",
                "security_groups": [],
                "self": false,
                "to_port": 0
              }
            ],
            "id": "sg-0ffd1b36e3d160ae1",
            "ingress": [
              {
                "cidr_blocks": [
                  "0.0.0.0/0"
                ],
                "description": "",
                "from_port": 22,
                "ipv6_cidr_blocks": [],
                "prefix_list_ids": [],
                "protocol": "tcp",
                "security_groups": [],
                "self": false,
                "to_port": 22
              },
              {
                "cidr_blocks": [
                  "0.0.0.0/0"
                ],
                "description": "",
                "from_port": 8501,
                "ipv6_cidr_blocks": [],
                "prefix_list_ids": [],
                "protocol": "tcp",
                "security_groups": [],
                "self": false,
                "to_port": 8501
              }
            ],
            "name": "streamlit-app-sg",
            "name_prefix": "",
            "owner_id": "498218886114",
            "revoke_rules_on_delete": false,
            "tags": {
              "Name": "streamlit-app-sg"
            },
            "tags_all": {
              "Name": "streamlit-app-sg"
            },
            "timeouts": null,
            "vpc_id": "vpc-0f5fa19e66bc1051e"
          },
          "sensitive_attributes": [],
          "private": "eyJlMmJmYjczMC1lY2FhLTExZTYtOGY4OC0zNDM2M2JjN2M0YzAiOnsiY3JlYXRlIjo2MDAwMDAwMDAwMDAsImRlbGV0ZSI6OTAwMDAwMDAwMDAwfSwic2NoZW1hX3ZlcnNpb24iOiIxIn0=",
          "dependencies": [
            "aws_vpc.main"
          ]
        }
      ]
    },
    {
      "mode": "managed",
      "type": "aws_ssm_document",
      "name": "session_manager_preferences",
      "provider": "provider[\"registry.terraform.io/hashicorp/aws\"]",
      "instances": [
        {
          "schema_version": 0,
          "attributes": {
            "arn": "arn:aws:ssm:ap-northeast-1:498218886114:document/streamlit-app-session-manager-prefs",
            "attachments_source": [],
            "content": "{\"description\":\"Document to hold regional settings for Session Manager\",\"inputs\":{\"cloudWatchEncryptionEnabled\":true,\"cloudWatchLogGroupName\":\"\",\"kmsKeyId\":\"\",\"runAsDefaultUser\":\"\",\"runAsEnabled\":false,\"s3BucketName\":\"\",\"s3EncryptionEnabled\":true,\"s3KeyPrefix\":\"\"},\"schemaVersion\":\"1.0\",\"sessionType\":\"Standard_Stream\"}",
            "created_date": "2024-08-09T20:58:50Z",
            "default_version": "1",
            "description": "",
            "document_format": "JSON",
            "document_type": "Session",
            "document_version": "1",
            "hash": "1f242c67d932f0c87b8ae061a3a8146232182a222932adf970ce6a4700eb030f",
            "hash_type": "Sha256",
            "id": "streamlit-app-session-manager-prefs",
            "latest_version": "1",
            "name": "streamlit-app-session-manager-prefs",
            "owner": "498218886114",
            "parameter": [],
            "permissions": null,
            "platform_types": [
              "Windows",
              "Linux",
              "MacOS"
            ],
            "schema_version": "1.0",
            "status": "Active",
            "tags": null,
            "tags_all": {},
            "target_type": "",
            "version_name": ""
          },
          "sensitive_attributes": [],
          "private": "bnVsbA=="
        }
      ]
    },
    {
      "mode": "managed",
      "type": "aws_subnet",
      "name": "public",
      "provider": "provider[\"registry.terraform.io/hashicorp/aws\"]",
      "instances": [
        {
          "schema_version": 1,
          "attributes": {
            "arn": "arn:aws:ec2:ap-northeast-1:498218886114:subnet/subnet-092f7299bbadd0627",
            "assign_ipv6_address_on_creation": false,
            "availability_zone": "ap-northeast-1a",
            "availability_zone_id": "apne1-az4",
            "cidr_block": "10.0.1.0/24",
            "customer_owned_ipv4_pool": "",
            "enable_dns64": false,
            "enable_lni_at_device_index": 0,
            "enable_resource_name_dns_a_record_on_launch": false,
            "enable_resource_name_dns_aaaa_record_on_launch": false,
            "id": "subnet-092f7299bbadd0627",
            "ipv6_cidr_block": "",
            "ipv6_cidr_block_association_id": "",
            "ipv6_native": false,
            "map_customer_owned_ip_on_launch": false,
            "map_public_ip_on_launch": false,
            "outpost_arn": "",
            "owner_id": "498218886114",
            "private_dns_hostname_type_on_launch": "ip-name",
            "tags": {
              "Name": "streamlit-app-public-subnet"
            },
            "tags_all": {
              "Name": "streamlit-app-public-subnet"
            },
            "timeouts": null,
            "vpc_id": "vpc-0f5fa19e66bc1051e"
          },
          "sensitive_attributes": [],
          "private": "eyJlMmJmYjczMC1lY2FhLTExZTYtOGY4OC0zNDM2M2JjN2M0YzAiOnsiY3JlYXRlIjo2MDAwMDAwMDAwMDAsImRlbGV0ZSI6MTIwMDAwMDAwMDAwMH0sInNjaGVtYV92ZXJzaW9uIjoiMSJ9",
          "dependencies": [
            "aws_vpc.main"
          ]
        }
      ]
    },
    {
      "mode": "managed",
      "type": "aws_vpc",
      "name": "main",
      "provider": "provider[\"registry.terraform.io/hashicorp/aws\"]",
      "instances": [
        {
          "schema_version": 1,
          "attributes": {
            "arn": "arn:aws:ec2:ap-northeast-1:498218886114:vpc/vpc-0f5fa19e66bc1051e",
            "assign_generated_ipv6_cidr_block": false,
            "cidr_block": "10.0.0.0/16",
            "default_network_acl_id": "acl-00bcb592f232a5700",
            "default_route_table_id": "rtb-07046350d2d75bd17",
            "default_security_group_id": "sg-0c78530e3c085b3e6",
            "dhcp_options_id": "dopt-0411a129c9011571c",
            "enable_dns_hostnames": true,
            "enable_dns_support": true,
            "enable_network_address_usage_metrics": false,
            "id": "vpc-0f5fa19e66bc1051e",
            "instance_tenancy": "default",
            "ipv4_ipam_pool_id": null,
            "ipv4_netmask_length": null,
            "ipv6_association_id": "",
            "ipv6_cidr_block": "",
            "ipv6_cidr_block_network_border_group": "",
            "ipv6_ipam_pool_id": "",
            "ipv6_netmask_length": 0,
            "main_route_table_id": "rtb-07046350d2d75bd17",
            "owner_id": "498218886114",
            "tags": {
              "Name": "streamlit-app-vpc"
            },
            "tags_all": {
              "Name": "streamlit-app-vpc"
            }
          },
          "sensitive_attributes": [],
          "private": "eyJzY2hlbWFfdmVyc2lvbiI6IjEifQ=="
        }
      ]
    }
  ],
  "check_results": null
}
